
Microsoft Visual Studio Solution File, Format Version 11.00
# Visual Studio 2010
# SharpDevelop 4.4
Project("{FD48973F-F585-4F70-812B-4D0503B36CE9}") = "pg119FullName", "pg119FullName\pg119FullName.pyproj", "{4CD55F0C-D54C-4C66-9F39-57EC2BD6F446}"
EndProject
Global
	GlobalSection(SolutionConfigurationPlatforms) = preSolution
		Debug|Any CPU = Debug|Any CPU
		Release|Any CPU = Release|Any CPU
	EndGlobalSection
	GlobalSection(ProjectConfigurationPlatforms) = postSolution
		{4CD55F0C-D54C-4C66-9F39-57EC2BD6F446}.Debug|Any CPU.Build.0 = Debug|Any CPU
		{4CD55F0C-D54C-4C66-9F39-57EC2BD6F446}.Debug|Any CPU.ActiveCfg = Debug|Any CPU
		{4CD55F0C-D54C-4C66-9F39-57EC2BD6F446}.Release|Any CPU.Build.0 = Release|Any CPU
		{4CD55F0C-D54C-4C66-9F39-57EC2BD6F446}.Release|Any CPU.ActiveCfg = Release|Any CPU
	EndGlobalSection
EndGlobal
