
Microsoft Visual Studio Solution File, Format Version 11.00
# Visual Studio 2010
# SharpDevelop 4.4
Project("{FD48973F-F585-4F70-812B-4D0503B36CE9}") = "prog122h", "prog122h\prog122h.pyproj", "{2DA2D4BB-5614-4788-9BA4-A4182F938EFB}"
EndProject
Global
	GlobalSection(SolutionConfigurationPlatforms) = preSolution
		Debug|Any CPU = Debug|Any CPU
		Release|Any CPU = Release|Any CPU
	EndGlobalSection
	GlobalSection(ProjectConfigurationPlatforms) = postSolution
		{2DA2D4BB-5614-4788-9BA4-A4182F938EFB}.Debug|Any CPU.Build.0 = Debug|Any CPU
		{2DA2D4BB-5614-4788-9BA4-A4182F938EFB}.Debug|Any CPU.ActiveCfg = Debug|Any CPU
		{2DA2D4BB-5614-4788-9BA4-A4182F938EFB}.Release|Any CPU.Build.0 = Release|Any CPU
		{2DA2D4BB-5614-4788-9BA4-A4182F938EFB}.Release|Any CPU.ActiveCfg = Release|Any CPU
	EndGlobalSection
EndGlobal
