
Microsoft Visual Studio Solution File, Format Version 11.00
# Visual Studio 2010
# SharpDevelop 4.4
Project("{FD48973F-F585-4F70-812B-4D0503B36CE9}") = "ptog93a", "ptog93a\ptog93a.pyproj", "{03C74333-2D55-4BED-9138-87CBD962DB6A}"
EndProject
Global
	GlobalSection(SolutionConfigurationPlatforms) = preSolution
		Debug|Any CPU = Debug|Any CPU
		Release|Any CPU = Release|Any CPU
	EndGlobalSection
	GlobalSection(ProjectConfigurationPlatforms) = postSolution
		{03C74333-2D55-4BED-9138-87CBD962DB6A}.Debug|Any CPU.Build.0 = Debug|Any CPU
		{03C74333-2D55-4BED-9138-87CBD962DB6A}.Debug|Any CPU.ActiveCfg = Debug|Any CPU
		{03C74333-2D55-4BED-9138-87CBD962DB6A}.Release|Any CPU.Build.0 = Release|Any CPU
		{03C74333-2D55-4BED-9138-87CBD962DB6A}.Release|Any CPU.ActiveCfg = Release|Any CPU
	EndGlobalSection
EndGlobal
