
Microsoft Visual Studio Solution File, Format Version 11.00
# Visual Studio 2010
# SharpDevelop 4.4
Project("{FD48973F-F585-4F70-812B-4D0503B36CE9}") = "prog58b", "prog58b\prog58b.pyproj", "{CA4AB228-C1B0-47E0-9B96-BBA326901A37}"
EndProject
Global
	GlobalSection(SolutionConfigurationPlatforms) = preSolution
		Debug|Any CPU = Debug|Any CPU
		Release|Any CPU = Release|Any CPU
	EndGlobalSection
	GlobalSection(ProjectConfigurationPlatforms) = postSolution
		{CA4AB228-C1B0-47E0-9B96-BBA326901A37}.Debug|Any CPU.Build.0 = Debug|Any CPU
		{CA4AB228-C1B0-47E0-9B96-BBA326901A37}.Debug|Any CPU.ActiveCfg = Debug|Any CPU
		{CA4AB228-C1B0-47E0-9B96-BBA326901A37}.Release|Any CPU.Build.0 = Release|Any CPU
		{CA4AB228-C1B0-47E0-9B96-BBA326901A37}.Release|Any CPU.ActiveCfg = Release|Any CPU
	EndGlobalSection
EndGlobal
