
Microsoft Visual Studio Solution File, Format Version 11.00
# Visual Studio 2010
# SharpDevelop 4.4
Project("{FD48973F-F585-4F70-812B-4D0503B36CE9}") = "prog82a", "prog82a\prog82a.pyproj", "{37664E54-F995-4B73-8EBD-26D6861EEC75}"
EndProject
Global
	GlobalSection(SolutionConfigurationPlatforms) = preSolution
		Debug|Any CPU = Debug|Any CPU
		Release|Any CPU = Release|Any CPU
	EndGlobalSection
	GlobalSection(ProjectConfigurationPlatforms) = postSolution
		{37664E54-F995-4B73-8EBD-26D6861EEC75}.Debug|Any CPU.Build.0 = Debug|Any CPU
		{37664E54-F995-4B73-8EBD-26D6861EEC75}.Debug|Any CPU.ActiveCfg = Debug|Any CPU
		{37664E54-F995-4B73-8EBD-26D6861EEC75}.Release|Any CPU.Build.0 = Release|Any CPU
		{37664E54-F995-4B73-8EBD-26D6861EEC75}.Release|Any CPU.ActiveCfg = Release|Any CPU
	EndGlobalSection
EndGlobal
