
Microsoft Visual Studio Solution File, Format Version 11.00
# Visual Studio 2010
# SharpDevelop 4.4
Project("{FD48973F-F585-4F70-812B-4D0503B36CE9}") = "Prog76a", "Prog76a\Prog76a.pyproj", "{60201028-A23D-4013-85DF-80A0A4F46808}"
EndProject
Global
	GlobalSection(SolutionConfigurationPlatforms) = preSolution
		Debug|Any CPU = Debug|Any CPU
		Release|Any CPU = Release|Any CPU
	EndGlobalSection
	GlobalSection(ProjectConfigurationPlatforms) = postSolution
		{60201028-A23D-4013-85DF-80A0A4F46808}.Debug|Any CPU.Build.0 = Debug|Any CPU
		{60201028-A23D-4013-85DF-80A0A4F46808}.Debug|Any CPU.ActiveCfg = Debug|Any CPU
		{60201028-A23D-4013-85DF-80A0A4F46808}.Release|Any CPU.Build.0 = Release|Any CPU
		{60201028-A23D-4013-85DF-80A0A4F46808}.Release|Any CPU.ActiveCfg = Release|Any CPU
	EndGlobalSection
EndGlobal
