
Microsoft Visual Studio Solution File, Format Version 11.00
# Visual Studio 2010
# SharpDevelop 4.4
Project("{FD48973F-F585-4F70-812B-4D0503B36CE9}") = "Phone Numbers", "Phone Numbers\Phone Numbers.pyproj", "{C5957712-0DD4-4518-A749-8DC440053973}"
EndProject
Global
	GlobalSection(SolutionConfigurationPlatforms) = preSolution
		Debug|Any CPU = Debug|Any CPU
		Release|Any CPU = Release|Any CPU
	EndGlobalSection
	GlobalSection(ProjectConfigurationPlatforms) = postSolution
		{C5957712-0DD4-4518-A749-8DC440053973}.Debug|Any CPU.Build.0 = Debug|Any CPU
		{C5957712-0DD4-4518-A749-8DC440053973}.Debug|Any CPU.ActiveCfg = Debug|Any CPU
		{C5957712-0DD4-4518-A749-8DC440053973}.Release|Any CPU.Build.0 = Release|Any CPU
		{C5957712-0DD4-4518-A749-8DC440053973}.Release|Any CPU.ActiveCfg = Release|Any CPU
	EndGlobalSection
EndGlobal
