
Microsoft Visual Studio Solution File, Format Version 11.00
# Visual Studio 2010
# SharpDevelop 4.4
Project("{FD48973F-F585-4F70-812B-4D0503B36CE9}") = "prog152b", "prog152b\prog152b.pyproj", "{EDF702AE-AAF8-4F1A-BE74-8B8E44402689}"
EndProject
Global
	GlobalSection(SolutionConfigurationPlatforms) = preSolution
		Debug|Any CPU = Debug|Any CPU
		Release|Any CPU = Release|Any CPU
	EndGlobalSection
	GlobalSection(ProjectConfigurationPlatforms) = postSolution
		{EDF702AE-AAF8-4F1A-BE74-8B8E44402689}.Debug|Any CPU.Build.0 = Debug|Any CPU
		{EDF702AE-AAF8-4F1A-BE74-8B8E44402689}.Debug|Any CPU.ActiveCfg = Debug|Any CPU
		{EDF702AE-AAF8-4F1A-BE74-8B8E44402689}.Release|Any CPU.Build.0 = Release|Any CPU
		{EDF702AE-AAF8-4F1A-BE74-8B8E44402689}.Release|Any CPU.ActiveCfg = Release|Any CPU
	EndGlobalSection
EndGlobal
